
Microsoft Visual Studio Solution File, Format Version 12.00
# Visual Studio Version 16
VisualStudioVersion = 16.0.29509.3
MinimumVisualStudioVersion = 10.0.40219.1
Project("{FAE04EC0-301F-11D3-BF4B-00C04F79EFBC}") = "SMS.Frontend", "SMS.Frontend\SMS.Frontend.csproj", "{92818CC0-5367-4FD6-B466-733749184F40}"
EndProject
Project("{FAE04EC0-301F-11D3-BF4B-00C04F79EFBC}") = "SMS.Service", "SMS.Service\SMS.Service.csproj", "{CA703943-206B-4BF4-9E0F-AC80F250DD87}"
EndProject
Project("{FAE04EC0-301F-11D3-BF4B-00C04F79EFBC}") = "SMS.Infastructure", "SMS.Infastructure\SMS.Infastructure.csproj", "{D065ED1F-1F78-466E-9477-537D15CFA04E}"
EndProject
Global
	GlobalSection(SolutionConfigurationPlatforms) = preSolution
		Debug|Any CPU = Debug|Any CPU
		Release|Any CPU = Release|Any CPU
	EndGlobalSection
	GlobalSection(ProjectConfigurationPlatforms) = postSolution
		{92818CC0-5367-4FD6-B466-733749184F40}.Debug|Any CPU.ActiveCfg = Debug|Any CPU
		{92818CC0-5367-4FD6-B466-733749184F40}.Debug|Any CPU.Build.0 = Debug|Any CPU
		{92818CC0-5367-4FD6-B466-733749184F40}.Release|Any CPU.ActiveCfg = Release|Any CPU
		{92818CC0-5367-4FD6-B466-733749184F40}.Release|Any CPU.Build.0 = Release|Any CPU
		{CA703943-206B-4BF4-9E0F-AC80F250DD87}.Debug|Any CPU.ActiveCfg = Debug|Any CPU
		{CA703943-206B-4BF4-9E0F-AC80F250DD87}.Debug|Any CPU.Build.0 = Debug|Any CPU
		{CA703943-206B-4BF4-9E0F-AC80F250DD87}.Release|Any CPU.ActiveCfg = Release|Any CPU
		{CA703943-206B-4BF4-9E0F-AC80F250DD87}.Release|Any CPU.Build.0 = Release|Any CPU
		{D065ED1F-1F78-466E-9477-537D15CFA04E}.Debug|Any CPU.ActiveCfg = Debug|Any CPU
		{D065ED1F-1F78-466E-9477-537D15CFA04E}.Debug|Any CPU.Build.0 = Debug|Any CPU
		{D065ED1F-1F78-466E-9477-537D15CFA04E}.Release|Any CPU.ActiveCfg = Release|Any CPU
		{D065ED1F-1F78-466E-9477-537D15CFA04E}.Release|Any CPU.Build.0 = Release|Any CPU
	EndGlobalSection
	GlobalSection(SolutionProperties) = preSolution
		HideSolutionNode = FALSE
	EndGlobalSection
	GlobalSection(ExtensibilityGlobals) = postSolution
		SolutionGuid = {F231D36A-1A7B-4D38-998D-127CDD2206CE}
	EndGlobalSection
EndGlobal
